
Microsoft Visual Studio Solution File, Format Version 12.00
# Visual Studio Version 16
VisualStudioVersion = 16.0.31624.102
MinimumVisualStudioVersion = 10.0.40219.1
Project("{FAE04EC0-301F-11D3-BF4B-00C04F79EFBC}") = "Robot Challenge", "Robot Challenge\Robot Challenge.csproj", "{FCC02C3B-EC6E-47FD-9420-B6A3B9B94949}"
EndProject
Project("{FAE04EC0-301F-11D3-BF4B-00C04F79EFBC}") = "RobotTests", "RobotTests\RobotTests.csproj", "{11C982D0-F289-4803-97C2-B04D5473E1D2}"
EndProject
Global
	GlobalSection(SolutionConfigurationPlatforms) = preSolution
		Debug|Any CPU = Debug|Any CPU
		Release|Any CPU = Release|Any CPU
	EndGlobalSection
	GlobalSection(ProjectConfigurationPlatforms) = postSolution
		{FCC02C3B-EC6E-47FD-9420-B6A3B9B94949}.Debug|Any CPU.ActiveCfg = Debug|Any CPU
		{FCC02C3B-EC6E-47FD-9420-B6A3B9B94949}.Debug|Any CPU.Build.0 = Debug|Any CPU
		{FCC02C3B-EC6E-47FD-9420-B6A3B9B94949}.Release|Any CPU.ActiveCfg = Release|Any CPU
		{FCC02C3B-EC6E-47FD-9420-B6A3B9B94949}.Release|Any CPU.Build.0 = Release|Any CPU
		{11C982D0-F289-4803-97C2-B04D5473E1D2}.Debug|Any CPU.ActiveCfg = Debug|Any CPU
		{11C982D0-F289-4803-97C2-B04D5473E1D2}.Debug|Any CPU.Build.0 = Debug|Any CPU
		{11C982D0-F289-4803-97C2-B04D5473E1D2}.Release|Any CPU.ActiveCfg = Release|Any CPU
		{11C982D0-F289-4803-97C2-B04D5473E1D2}.Release|Any CPU.Build.0 = Release|Any CPU
	EndGlobalSection
	GlobalSection(SolutionProperties) = preSolution
		HideSolutionNode = FALSE
	EndGlobalSection
	GlobalSection(ExtensibilityGlobals) = postSolution
		SolutionGuid = {45A56454-9EDC-4E74-B21C-78EE44A7B026}
	EndGlobalSection
EndGlobal
